{
  "name": "@maikr/lib",
  "version": "0.1.0",
  "lockfileVersion": 1,
  "requires": true,
  "dependencies": {
    "brain.js": {
      "version": "2.0.0-beta.15",
      "resolved": "https://registry.npmjs.org/brain.js/-/brain.js-2.0.0-beta.15.tgz",
      "integrity": "sha512-iN3boP3ZqvN1/WeoRY4wIV5bLX8CEUbKAkDQcjt7t5Qcea6yjCkTQgJ5TzkpBVdsyzRL6Lj1E7TO+/5STzvCKg==",
      "requires": {
        "thaw.js": "^2.1.4"
      }
    },
    "thaw.js": {
      "version": "2.1.4",
      "resolved": "https://registry.npmjs.org/thaw.js/-/thaw.js-2.1.4.tgz",
      "integrity": "sha512-si9DSzEzOBUpbE41wE4Q6NXzXDYZfrniYocrduNtNDwLWj1Auueq8UzgePMQa5gfcQtVCG2OmlCTaHldtno3Vw=="
    }
  }
}
